
Microsoft Visual Studio Solution File, Format Version 12.00
# Visual Studio Version 17
VisualStudioVersion = 17.0.32014.148
MinimumVisualStudioVersion = 10.0.40219.1
Project("{FAE04EC0-301F-11D3-BF4B-00C04F79EFBC}") = "TheOceanWeb", "TheOceanWeb\TheOceanWeb.csproj", "{A47D1724-EB65-4A60-A5CD-A4B713B9E577}"
EndProject
Global
	GlobalSection(SolutionConfigurationPlatforms) = preSolution
		Debug|Any CPU = Debug|Any CPU
		Release|Any CPU = Release|Any CPU
	EndGlobalSection
	GlobalSection(ProjectConfigurationPlatforms) = postSolution
		{A47D1724-EB65-4A60-A5CD-A4B713B9E577}.Debug|Any CPU.ActiveCfg = Debug|Any CPU
		{A47D1724-EB65-4A60-A5CD-A4B713B9E577}.Debug|Any CPU.Build.0 = Debug|Any CPU
		{A47D1724-EB65-4A60-A5CD-A4B713B9E577}.Release|Any CPU.ActiveCfg = Release|Any CPU
		{A47D1724-EB65-4A60-A5CD-A4B713B9E577}.Release|Any CPU.Build.0 = Release|Any CPU
	EndGlobalSection
	GlobalSection(SolutionProperties) = preSolution
		HideSolutionNode = FALSE
	EndGlobalSection
	GlobalSection(ExtensibilityGlobals) = postSolution
		SolutionGuid = {1B55D256-EDF5-4954-B557-67113B17BC68}
	EndGlobalSection
	GlobalSection(TeamFoundationVersionControl) = preSolution
		SccNumberOfProjects = 2
		SccEnterpriseProvider = {4CA58AB2-18FA-4F8D-95D4-32DDF27D184C}
		SccTeamFoundationServer = https://dev.azure.com/barriesinc
		SccLocalPath0 = .
		SccProjectUniqueName1 = TheOceanWeb\\TheOceanWeb.csproj
		SccProjectName1 = TheOceanWeb
		SccLocalPath1 = TheOceanWeb
	EndGlobalSection
EndGlobal
